{
  "requires": true,
  "lockfileVersion": 1,
  "dependencies": {
    "@webgpu/types": {
      "version": "0.0.19",
      "resolved": "https://registry.npmjs.org/@webgpu/types/-/types-0.0.19.tgz",
      "integrity": "sha512-G3ISy6fSsQHg+BvKJJZJw1UaMPuRwJ5BoQfwqBMW09IDRAiy8Bk7FpMDTPb2AJOVR9MCeU0QmDjym3OXj+QEbQ==",
      "dev": true
    }
  }
}
